
Microsoft Visual Studio Solution File, Format Version 12.00
# Visual Studio Version 16
VisualStudioVersion = 16.0.30907.101
MinimumVisualStudioVersion = 10.0.40219.1
Project("{FAE04EC0-301F-11D3-BF4B-00C04F79EFBC}") = "DTSaveManager", "DTSaveManager\DTSaveManager.csproj", "{5445ACDF-DE1D-4A85-BAB2-6526DD0137EB}"
EndProject
Global
	GlobalSection(SolutionConfigurationPlatforms) = preSolution
		Debug|Any CPU = Debug|Any CPU
		Release|Any CPU = Release|Any CPU
	EndGlobalSection
	GlobalSection(ProjectConfigurationPlatforms) = postSolution
		{5445ACDF-DE1D-4A85-BAB2-6526DD0137EB}.Debug|Any CPU.ActiveCfg = Debug|Any CPU
		{5445ACDF-DE1D-4A85-BAB2-6526DD0137EB}.Debug|Any CPU.Build.0 = Debug|Any CPU
		{5445ACDF-DE1D-4A85-BAB2-6526DD0137EB}.Release|Any CPU.ActiveCfg = Release|Any CPU
		{5445ACDF-DE1D-4A85-BAB2-6526DD0137EB}.Release|Any CPU.Build.0 = Release|Any CPU
	EndGlobalSection
	GlobalSection(SolutionProperties) = preSolution
		HideSolutionNode = FALSE
	EndGlobalSection
	GlobalSection(ExtensibilityGlobals) = postSolution
		SolutionGuid = {D3A477B8-89CB-4528-922B-0EA88424261D}
	EndGlobalSection
EndGlobal
