
Microsoft Visual Studio Solution File, Format Version 12.00
# Visual Studio Version 16
VisualStudioVersion = 16.0.31605.320
MinimumVisualStudioVersion = 10.0.40219.1
Project("{FAE04EC0-301F-11D3-BF4B-00C04F79EFBC}") = "DTSaveManagerGUI", "DTSaveManager\DTSaveManagerGUI.csproj", "{04AC6FEB-28FC-4A67-A82E-8BDC0EDE76EA}"
EndProject
Global
	GlobalSection(SolutionConfigurationPlatforms) = preSolution
		Debug|Any CPU = Debug|Any CPU
		Release|Any CPU = Release|Any CPU
	EndGlobalSection
	GlobalSection(ProjectConfigurationPlatforms) = postSolution
		{04AC6FEB-28FC-4A67-A82E-8BDC0EDE76EA}.Debug|Any CPU.ActiveCfg = Debug|Any CPU
		{04AC6FEB-28FC-4A67-A82E-8BDC0EDE76EA}.Debug|Any CPU.Build.0 = Debug|Any CPU
		{04AC6FEB-28FC-4A67-A82E-8BDC0EDE76EA}.Release|Any CPU.ActiveCfg = Release|Any CPU
		{04AC6FEB-28FC-4A67-A82E-8BDC0EDE76EA}.Release|Any CPU.Build.0 = Release|Any CPU
	EndGlobalSection
	GlobalSection(SolutionProperties) = preSolution
		HideSolutionNode = FALSE
	EndGlobalSection
	GlobalSection(ExtensibilityGlobals) = postSolution
		SolutionGuid = {CFF44DC7-0543-4281-B809-228B2296C2EF}
	EndGlobalSection
EndGlobal
